# This file was autogenerated by Stack.
# You should not edit this file by hand.
# For more information, please see the documentation at:
#   https://docs.haskellstack.org/en/stable/topics/lock_files

packages:
- completed:
    hackage: cryptostore-0.4.0.0@sha256:8c23b5e1fd06769f7777a572d1ecde39de1bc833eff7df9da225c079e0692a6b,4266
    pantry-tree:
      sha256: ace58f825c54afcdb9a3df3d613e55e5d9ef0122fe6a662ffdadbc0cddb907e6
      size: 8668
  original:
    hackage: cryptostore-0.4.0.0
- completed:
    hackage: x509-1.7.7@sha256:90eef2d745a654146fc1c325e035eaddac531e4d2145d4bc1dcf4b8fad439d34,2276
    pantry-tree:
      sha256: d81ffd09633c0417bcedbfc29f870cc843ec0750edd2f73c8fd60a5e5df278d2
      size: 1124
  original:
    hackage: x509-1.7.7
- completed:
    hackage: x509-store-1.6.9@sha256:1f1abeab5bacf1407b920d0f34f4c35a5ad450ff0d8121cd3dc76460f81e711d,1716
    pantry-tree:
      sha256: 9fc5a6a997af3569c79d5062534cc9836721b39df86bef56308f209164ab500d
      size: 398
  original:
    hackage: x509-store-1.6.9
- completed:
    hackage: x509-validation-1.6.12@sha256:4f4af20ec77f02c042ecd4726c195bb0e0b694b336de81e7bd4515b2917bd9bc,2169
    pantry-tree:
      sha256: f95c21aa9671b10f9384b89c018874246f68220b63266172b47a747b62695e23
      size: 631
  original:
    hackage: x509-validation-1.6.12
- completed:
    hackage: jwt-0.11.0@sha256:0602735ee4093c6c5bc918461855bcd55499099363bad34eb7a227aeef3cde29,4265
    pantry-tree:
      sha256: 0b3155d79cc7d44285762b2012debe8ec70ac377163a8e5f29581bacaf50179e
      size: 1029
  original:
    hackage: jwt-0.11.0
- completed:
    hackage: grpc-spec-1.0.0@sha256:08dfa592e474395f31bb04e13fa7615d506f5287ebd97a72400453d72156851c,6723
    pantry-tree:
      sha256: 648bc0457653a6edfd45f529dea794e4d75d6256402efa3919d59c17491a2a2f
      size: 3873
  original:
    hackage: grpc-spec-1.0.0
- completed:
    hackage: http2-5.3.9@sha256:c69ee7e27a4695ed1e379be094d5c22535b77e82e2571a44d4bc37f22027faf1,10591
    pantry-tree:
      sha256: ddbdc7822910205a8de6aff6d23267d0e70327453dafd2ce5c5db3bde519177e
      size: 44864
  original:
    hackage: http2-5.3.9
- completed:
    hackage: http2-tls-0.4.9@sha256:95dda35689727a0a2ac21467e2c14f7b2788828d5ec4b6fae0d22afc1c836c5d,2447
    pantry-tree:
      sha256: 6fa1a0dcc82c37db414da26881b1619bc196f7d922e44480dc11174b95660ee5
      size: 894
  original:
    hackage: http2-tls-0.4.9
- completed:
    hackage: snappy-c-0.1.2@sha256:0eb33f4dfd7814ada66a3bc1251209ddd3beddcfa0f23876728f574ea766cf09,3889
    pantry-tree:
      sha256: 7e0a161632b5af4d2cbbe9712277d1e4166125b04cb6e4ed1dd8b2ca718aa8d9
      size: 1109
  original:
    hackage: snappy-c-0.1.2
- completed:
    hackage: tls-2.1.14@sha256:b69381df716498c01bcee5db40c3c9fa14eb1c498043cb993a745b7e5d6701a9,7252
    pantry-tree:
      sha256: 9a0bfbb4ae7df2a56ab9dc65f3a8066f7363486e0d9a336100de0d465b413d2e
      size: 7056
  original:
    hackage: tls-2.1.14
- completed:
    hackage: grapesy-1.1.1@sha256:ac879eec75aee8e78a2d3652fae31e965ae23c194667b61c3434edd642908c53,13505
    pantry-tree:
      sha256: 86409da36d50fd9a9eaedd43aa11424b3ce688d45ee6b7e6f3667cf5222d8ec9
      size: 11516
  original:
    hackage: grapesy-1.1.1
- completed:
    hackage: migrant-core-0.1.0.3@sha256:f0d4e77e31dd699aff6cd4b4516a6370fe19f598e3d4d159d4c39ab7026c1625,1425
    pantry-tree:
      sha256: 17ecf3bdbaa2f4baa4e686b754c6f899f6a6746e718668bda42fbb1560dd81bb
      size: 730
  original:
    hackage: migrant-core-0.1.0.3
- completed:
    hackage: sqlite-easy-1.1.1.0@sha256:57538ee4bac16992b8561b1c205ad21962b5840567379770bf2efc29822401fb,1563
    pantry-tree:
      sha256: f163bd3f55620da5529c2b627057ca08260f0b3bb94d57a7914dc030bf707699
      size: 600
  original:
    hackage: sqlite-easy-1.1.1.0
snapshots:
- completed:
    sha256: c320c36b8a392602c9076bdd0c656e12dcab30f294105a50c3f8ef963c4c3a0d
    size: 726760
    url: https://raw.githubusercontent.com/commercialhaskell/stackage-snapshots/master/lts/24/27.yaml
  original:
    url: https://raw.githubusercontent.com/commercialhaskell/stackage-snapshots/master/lts/24/27.yaml
